// !$*UTF8*$!
{
	archiveVersion = 1;
	classes = {
	};
	objectVersion = 50;
	objects = {

/* Begin PBXBuildFile section */
		6EB006CC2494263400DB5E8D /* AppDelegate.swift in Sources */ = {isa = PBXBuildFile; fileRef = 6EB006CB2494263400DB5E8D /* AppDelegate.swift */; };
		6EB006CE2494263400DB5E8D /* SceneDelegate.swift in Sources */ = {isa = PBXBuildFile; fileRef = 6EB006CD2494263400DB5E8D /* SceneDelegate.swift */; };
		6EB006D02494263400DB5E8D /* ContentView.swift in Sources */ = {isa = PBXBuildFile; fileRef = 6EB006CF2494263400DB5E8D /* ContentView.swift */; };
		6EB006D22494263500DB5E8D /* Assets.xcassets in Resources */ = {isa = PBXBuildFile; fileRef = 6EB006D12494263500DB5E8D /* Assets.xcassets */; };
		6EB006D52494263500DB5E8D /* Preview Assets.xcassets in Resources */ = {isa = PBXBuildFile; fileRef = 6EB006D42494263500DB5E8D /* Preview Assets.xcassets */; };
		6EB006D82494263500DB5E8D /* LaunchScreen.storyboard in Resources */ = {isa = PBXBuildFile; fileRef = 6EB006D62494263500DB5E8D /* LaunchScreen.storyboard */; };
		6EC4A26A2496934400488167 /* Player.swift in Sources */ = {isa = PBXBuildFile; fileRef = 6EC4A2692496934400488167 /* Player.swift */; };
		6EC4A26C2496BC4200488167 /* StartText.swift in Sources */ = {isa = PBXBuildFile; fileRef = 6EC4A26B2496BC4200488167 /* StartText.swift */; };
		6EC4A26E2496C2B400488167 /* PlayerRow.swift in Sources */ = {isa = PBXBuildFile; fileRef = 6EC4A26D2496C2B400488167 /* PlayerRow.swift */; };
		6EC4A2702496DFE900488167 /* PlayerList.swift in Sources */ = {isa = PBXBuildFile; fileRef = 6EC4A26F2496DFE900488167 /* PlayerList.swift */; };
/* End PBXBuildFile section */

/* Begin PBXFileReference section */
		6EB006C82494263400DB5E8D /* NBA.app */ = {isa = PBXFileReference; explicitFileType = wrapper.application; includeInIndex = 0; path = NBA.app; sourceTree = BUILT_PRODUCTS_DIR; };
		6EB006CB2494263400DB5E8D /* AppDelegate.swift */ = {isa = PBXFileReference; lastKnownFileType = sourcecode.swift; path = AppDelegate.swift; sourceTree = "<group>"; };
		6EB006CD2494263400DB5E8D /* SceneDelegate.swift */ = {isa = PBXFileReference; lastKnownFileType = sourcecode.swift; path = SceneDelegate.swift; sourceTree = "<group>"; };
		6EB006CF2494263400DB5E8D /* ContentView.swift */ = {isa = PBXFileReference; lastKnownFileType = sourcecode.swift; path = ContentView.swift; sourceTree = "<group>"; };
		6EB006D12494263500DB5E8D /* Assets.xcassets */ = {isa = PBXFileReference; lastKnownFileType = folder.assetcatalog; path = Assets.xcassets; sourceTree = "<group>"; };
		6EB006D42494263500DB5E8D /* Preview Assets.xcassets */ = {isa = PBXFileReference; lastKnownFileType = folder.assetcatalog; path = "Preview Assets.xcassets"; sourceTree = "<group>"; };
		6EB006D72494263500DB5E8D /* Base */ = {isa = PBXFileReference; lastKnownFileType = file.storyboard; name = Base; path = Base.lproj/LaunchScreen.storyboard; sourceTree = "<group>"; };
		6EB006D92494263500DB5E8D /* Info.plist */ = {isa = PBXFileReference; lastKnownFileType = text.plist.xml; path = Info.plist; sourceTree = "<group>"; };
		6EC4A2692496934400488167 /* Player.swift */ = {isa = PBXFileReference; fileEncoding = 4; lastKnownFileType = sourcecode.swift; path = Player.swift; sourceTree = "<group>"; };
		6EC4A26B2496BC4200488167 /* StartText.swift */ = {isa = PBXFileReference; lastKnownFileType = sourcecode.swift; path = StartText.swift; sourceTree = "<group>"; };
		6EC4A26D2496C2B400488167 /* PlayerRow.swift */ = {isa = PBXFileReference; lastKnownFileType = sourcecode.swift; path = PlayerRow.swift; sourceTree = "<group>"; };
		6EC4A26F2496DFE900488167 /* PlayerList.swift */ = {isa = PBXFileReference; lastKnownFileType = sourcecode.swift; path = PlayerList.swift; sourceTree = "<group>"; };
/* End PBXFileReference section */

/* Begin PBXFrameworksBuildPhase section */
		6EB006C52494263400DB5E8D /* Frameworks */ = {
			isa = PBXFrameworksBuildPhase;
			buildActionMask = 2147483647;
			files = (
			);
			runOnlyForDeploymentPostprocessing = 0;
		};
/* End PBXFrameworksBuildPhase section */

/* Begin PBXGroup section */
		6EB006BF2494263400DB5E8D = {
			isa = PBXGroup;
			children = (
				6EB006CA2494263400DB5E8D /* NBA */,
				6EB006C92494263400DB5E8D /* Products */,
			);
			sourceTree = "<group>";
		};
		6EB006C92494263400DB5E8D /* Products */ = {
			isa = PBXGroup;
			children = (
				6EB006C82494263400DB5E8D /* NBA.app */,
			);
			name = Products;
			sourceTree = "<group>";
		};
		6EB006CA2494263400DB5E8D /* NBA */ = {
			isa = PBXGroup;
			children = (
				6EC4A2692496934400488167 /* Player.swift */,
				6EB006CB2494263400DB5E8D /* AppDelegate.swift */,
				6EB006CD2494263400DB5E8D /* SceneDelegate.swift */,
				6EB006CF2494263400DB5E8D /* ContentView.swift */,
				6EB006D12494263500DB5E8D /* Assets.xcassets */,
				6EB006D62494263500DB5E8D /* LaunchScreen.storyboard */,
				6EB006D92494263500DB5E8D /* Info.plist */,
				6EB006D32494263500DB5E8D /* Preview Content */,
				6EC4A26B2496BC4200488167 /* StartText.swift */,
				6EC4A26D2496C2B400488167 /* PlayerRow.swift */,
				6EC4A26F2496DFE900488167 /* PlayerList.swift */,
			);
			path = NBA;
			sourceTree = "<group>";
		};
		6EB006D32494263500DB5E8D /* Preview Content */ = {
			isa = PBXGroup;
			children = (
				6EB006D42494263500DB5E8D /* Preview Assets.xcassets */,
			);
			path = "Preview Content";
			sourceTree = "<group>";
		};
/* End PBXGroup section */

/* Begin PBXNativeTarget section */
		6EB006C72494263400DB5E8D /* NBA */ = {
			isa = PBXNativeTarget;
			buildConfigurationList = 6EB006DC2494263500DB5E8D /* Build configuration list for PBXNativeTarget "NBA" */;
			buildPhases = (
				6EB006C42494263400DB5E8D /* Sources */,
				6EB006C52494263400DB5E8D /* Frameworks */,
				6EB006C62494263400DB5E8D /* Resources */,
			);
			buildRules = (
			);
			dependencies = (
			);
			name = NBA;
			productName = NBA;
			productReference = 6EB006C82494263400DB5E8D /* NBA.app */;
			productType = "com.apple.product-type.application";
		};
/* End PBXNativeTarget section */

/* Begin PBXProject section */
		6EB006C02494263400DB5E8D /* Project object */ = {
			isa = PBXProject;
			attributes = {
				LastSwiftUpdateCheck = 1150;
				LastUpgradeCheck = 1150;
				ORGANIZATIONNAME = "Bruno Alves da Silva";
				TargetAttributes = {
					6EB006C72494263400DB5E8D = {
						CreatedOnToolsVersion = 11.5;
					};
				};
			};
			buildConfigurationList = 6EB006C32494263400DB5E8D /* Build configuration list for PBXProject "NBA" */;
			compatibilityVersion = "Xcode 9.3";
			developmentRegion = en;
			hasScannedForEncodings = 0;
			knownRegions = (
				en,
				Base,
			);
			mainGroup = 6EB006BF2494263400DB5E8D;
			productRefGroup = 6EB006C92494263400DB5E8D /* Products */;
			projectDirPath = "";
			projectRoot = "";
			targets = (
				6EB006C72494263400DB5E8D /* NBA */,
			);
		};
/* End PBXProject section */

/* Begin PBXResourcesBuildPhase section */
		6EB006C62494263400DB5E8D /* Resources */ = {
			isa = PBXResourcesBuildPhase;
			buildActionMask = 2147483647;
			files = (
				6EB006D82494263500DB5E8D /* LaunchScreen.storyboard in Resources */,
				6EB006D52494263500DB5E8D /* Preview Assets.xcassets in Resources */,
				6EB006D22494263500DB5E8D /* Assets.xcassets in Resources */,
			);
			runOnlyForDeploymentPostprocessing = 0;
		};
/* End PBXResourcesBuildPhase section */

/* Begin PBXSourcesBuildPhase section */
		6EB006C42494263400DB5E8D /* Sources */ = {
			isa = PBXSourcesBuildPhase;
			buildActionMask = 2147483647;
			files = (
				6EC4A26A2496934400488167 /* Player.swift in Sources */,
				6EC4A26C2496BC4200488167 /* StartText.swift in Sources */,
				6EB006CC2494263400DB5E8D /* AppDelegate.swift in Sources */,
				6EB006CE2494263400DB5E8D /* SceneDelegate.swift in Sources */,
				6EB006D02494263400DB5E8D /* ContentView.swift in Sources */,
				6EC4A2702496DFE900488167 /* PlayerList.swift in Sources */,
				6EC4A26E2496C2B400488167 /* PlayerRow.swift in Sources */,
			);
			runOnlyForDeploymentPostprocessing = 0;
		};
/* End PBXSourcesBuildPhase section */

/* Begin PBXVariantGroup section */
		6EB006D62494263500DB5E8D /* LaunchScreen.storyboard */ = {
			isa = PBXVariantGroup;
			children = (
				6EB006D72494263500DB5E8D /* Base */,
			);
			name = LaunchScreen.storyboard;
			sourceTree = "<group>";
		};
/* End PBXVariantGroup section */

/* Begin XCBuildConfiguration section */
		6EB006DA2494263500DB5E8D /* Debug */ = {
			isa = XCBuildConfiguration;
			buildSettings = {
				ALWAYS_SEARCH_USER_PATHS = NO;
				CLANG_ANALYZER_NONNULL = YES;
				CLANG_ANALYZER_NUMBER_OBJECT_CONVERSION = YES_AGGRESSIVE;
				CLANG_CXX_LANGUAGE_STANDARD = "gnu++14";
				CLANG_CXX_LIBRARY = "libc++";
				CLANG_ENABLE_MODULES = YES;
				CLANG_ENABLE_OBJC_ARC = YES;
				CLANG_ENABLE_OBJC_WEAK = YES;
				CLANG_WARN_BLOCK_CAPTURE_AUTORELEASING = YES;
				CLANG_WARN_BOOL_CONVERSION = YES;
				CLANG_WARN_COMMA = YES;
				CLANG_WARN_CONSTANT_CONVERSION = YES;
				CLANG_WARN_DEPRECATED_OBJC_IMPLEMENTATIONS = YES;
				CLANG_WARN_DIRECT_OBJC_ISA_USAGE = YES_ERROR;
				CLANG_WARN_DOCUMENTATION_COMMENTS = YES;
				CLANG_WARN_EMPTY_BODY = YES;
				CLANG_WARN_ENUM_CONVERSION = YES;
				CLANG_WARN_INFINITE_RECURSION = YES;
				CLANG_WARN_INT_CONVERSION = YES;
				CLANG_WARN_NON_LITERAL_NULL_CONVERSION = YES;
				CLANG_WARN_OBJC_IMPLICIT_RETAIN_SELF = YES;
				CLANG_WARN_OBJC_LITERAL_CONVERSION = YES;
				CLANG_WARN_OBJC_ROOT_CLASS = YES_ERROR;
				CLANG_WARN_RANGE_LOOP_ANALYSIS = YES;
				CLANG_WARN_STRICT_PROTOTYPES = YES;
				CLANG_WARN_SUSPICIOUS_MOVE = YES;
				CLANG_WARN_UNGUARDED_AVAILABILITY = YES_AGGRESSIVE;
				CLANG_WARN_UNREACHABLE_CODE = YES;
				CLANG_WARN__DUPLICATE_METHOD_MATCH = YES;
				COPY_PHASE_STRIP = NO;
				DEBUG_INFORMATION_FORMAT = dwarf;
				ENABLE_STRICT_OBJC_MSGSEND = YES;
				ENABLE_TESTABILITY = YES;
				GCC_C_LANGUAGE_STANDARD = gnu11;
				GCC_DYNAMIC_NO_PIC = NO;
				GCC_NO_COMMON_BLOCKS = YES;
				GCC_OPTIMIZATION_LEVEL = 0;
				GCC_PREPROCESSOR_DEFINITIONS = (
					"DEBUG=1",
					"$(inherited)",
				);
				GCC_WARN_64_TO_32_BIT_CONVERSION = YES;
				GCC_WARN_ABOUT_RETURN_TYPE = YES_ERROR;
				GCC_WARN_UNDECLARED_SELECTOR = YES;
				GCC_WARN_UNINITIALIZED_AUTOS = YES_AGGRESSIVE;
				GCC_WARN_UNUSED_FUNCTION = YES;
				GCC_WARN_UNUSED_VARIABLE = YES;
				IPHONEOS_DEPLOYMENT_TARGET = 13.5;
				MTL_ENABLE_DEBUG_INFO = INCLUDE_SOURCE;
				MTL_FAST_MATH = YES;
				ONLY_ACTIVE_ARCH = YES;
				SDKROOT = iphoneos;
				SWIFT_ACTIVE_COMPILATION_CONDITIONS = DEBUG;
				SWIFT_OPTIMIZATION_LEVEL = "-Onone";
			};
			name = Debug;
		};
		6EB006DB2494263500DB5E8D /* Release */ = {
			isa = XCBuildConfiguration;
			buildSettings = {
				ALWAYS_SEARCH_USER_PATHS = NO;
				CLANG_ANALYZER_NONNULL = YES;
				CLANG_ANALYZER_NUMBER_OBJECT_CONVERSION = YES_AGGRESSIVE;
				CLANG_CXX_LANGUAGE_STANDARD = "gnu++14";
				CLANG_CXX_LIBRARY = "libc++";
				CLANG_ENABLE_MODULES = YES;
				CLANG_ENABLE_OBJC_ARC = YES;
				CLANG_ENABLE_OBJC_WEAK = YES;
				CLANG_WARN_BLOCK_CAPTURE_AUTORELEASING = YES;
				CLANG_WARN_BOOL_CONVERSION = YES;
				CLANG_WARN_COMMA = YES;
				CLANG_WARN_CONSTANT_CONVERSION = YES;
				CLANG_WARN_DEPRECATED_OBJC_IMPLEMENTATIONS = YES;
				CLANG_WARN_DIRECT_OBJC_ISA_USAGE = YES_ERROR;
				CLANG_WARN_DOCUMENTATION_COMMENTS = YES;
				CLANG_WARN_EMPTY_BODY = YES;
				CLANG_WARN_ENUM_CONVERSION = YES;
				CLANG_WARN_INFINITE_RECURSION = YES;
				CLANG_WARN_INT_CONVERSION = YES;
				CLANG_WARN_NON_LITERAL_NULL_CONVERSION = YES;
				CLANG_WARN_OBJC_IMPLICIT_RETAIN_SELF = YES;
				CLANG_WARN_OBJC_LITERAL_CONVERSION = YES;
				CLANG_WARN_OBJC_ROOT_CLASS = YES_ERROR;
				CLANG_WARN_RANGE_LOOP_ANALYSIS = YES;
				CLANG_WARN_STRICT_PROTOTYPES = YES;
				CLANG_WARN_SUSPICIOUS_MOVE = YES;
				CLANG_WARN_UNGUARDED_AVAILABILITY = YES_AGGRESSIVE;
				CLANG_WARN_UNREACHABLE_CODE = YES;
				CLANG_WARN__DUPLICATE_METHOD_MATCH = YES;
				COPY_PHASE_STRIP = NO;
				DEBUG_INFORMATION_FORMAT = "dwarf-with-dsym";
				ENABLE_NS_ASSERTIONS = NO;
				ENABLE_STRICT_OBJC_MSGSEND = YES;
				GCC_C_LANGUAGE_STANDARD = gnu11;
				GCC_NO_COMMON_BLOCKS = YES;
				GCC_WARN_64_TO_32_BIT_CONVERSION = YES;
				GCC_WARN_ABOUT_RETURN_TYPE = YES_ERROR;
				GCC_WARN_UNDECLARED_SELECTOR = YES;
				GCC_WARN_UNINITIALIZED_AUTOS = YES_AGGRESSIVE;
				GCC_WARN_UNUSED_FUNCTION = YES;
				GCC_WARN_UNUSED_VARIABLE = YES;
				IPHONEOS_DEPLOYMENT_TARGET = 13.5;
				MTL_ENABLE_DEBUG_INFO = NO;
				MTL_FAST_MATH = YES;
				SDKROOT = iphoneos;
				SWIFT_COMPILATION_MODE = wholemodule;
				SWIFT_OPTIMIZATION_LEVEL = "-O";
				VALIDATE_PRODUCT = YES;
			};
			name = Release;
		};
		6EB006DD2494263500DB5E8D /* Debug */ = {
			isa = XCBuildConfiguration;
			buildSettings = {
				ASSETCATALOG_COMPILER_APPICON_NAME = AppIcon;
				CODE_SIGN_STYLE = Automatic;
				DEVELOPMENT_ASSET_PATHS = "\"NBA/Preview Content\"";
				ENABLE_PREVIEWS = YES;
				INFOPLIST_FILE = NBA/Info.plist;
				LD_RUNPATH_SEARCH_PATHS = (
					"$(inherited)",
					"@executable_path/Frameworks",
				);
				PRODUCT_BUNDLE_IDENTIFIER = BrunoAlves.NBA;
				PRODUCT_NAME = "$(TARGET_NAME)";
				SWIFT_VERSION = 5.0;
				TARGETED_DEVICE_FAMILY = "1,2";
			};
			name = Debug;
		};
		6EB006DE2494263500DB5E8D /* Release */ = {
			isa = XCBuildConfiguration;
			buildSettings = {
				ASSETCATALOG_COMPILER_APPICON_NAME = AppIcon;
				CODE_SIGN_STYLE = Automatic;
				DEVELOPMENT_ASSET_PATHS = "\"NBA/Preview Content\"";
				ENABLE_PREVIEWS = YES;
				INFOPLIST_FILE = NBA/Info.plist;
				LD_RUNPATH_SEARCH_PATHS = (
					"$(inherited)",
					"@executable_path/Frameworks",
				);
				PRODUCT_BUNDLE_IDENTIFIER = BrunoAlves.NBA;
				PRODUCT_NAME = "$(TARGET_NAME)";
				SWIFT_VERSION = 5.0;
				TARGETED_DEVICE_FAMILY = "1,2";
			};
			name = Release;
		};
/* End XCBuildConfiguration section */

/* Begin XCConfigurationList section */
		6EB006C32494263400DB5E8D /* Build configuration list for PBXProject "NBA" */ = {
			isa = XCConfigurationList;
			buildConfigurations = (
				6EB006DA2494263500DB5E8D /* Debug */,
				6EB006DB2494263500DB5E8D /* Release */,
			);
			defaultConfigurationIsVisible = 0;
			defaultConfigurationName = Release;
		};
		6EB006DC2494263500DB5E8D /* Build configuration list for PBXNativeTarget "NBA" */ = {
			isa = XCConfigurationList;
			buildConfigurations = (
				6EB006DD2494263500DB5E8D /* Debug */,
				6EB006DE2494263500DB5E8D /* Release */,
			);
			defaultConfigurationIsVisible = 0;
			defaultConfigurationName = Release;
		};
/* End XCConfigurationList section */
	};
	rootObject = 6EB006C02494263400DB5E8D /* Project object */;
}
